
Microsoft Visual Studio Solution File, Format Version 12.00
# Visual Studio Version 17
VisualStudioVersion = 17.4.33213.308
MinimumVisualStudioVersion = 10.0.40219.1
Project("{FAE04EC0-301F-11D3-BF4B-00C04F79EFBC}") = "Herencia Ejemplo", "Herencia Ejemplo\Herencia Ejemplo.csproj", "{73813353-BCE1-45B5-9594-DE3B23001FAA}"
EndProject
Global
	GlobalSection(SolutionConfigurationPlatforms) = preSolution
		Debug|Any CPU = Debug|Any CPU
		Release|Any CPU = Release|Any CPU
	EndGlobalSection
	GlobalSection(ProjectConfigurationPlatforms) = postSolution
		{73813353-BCE1-45B5-9594-DE3B23001FAA}.Debug|Any CPU.ActiveCfg = Debug|Any CPU
		{73813353-BCE1-45B5-9594-DE3B23001FAA}.Debug|Any CPU.Build.0 = Debug|Any CPU
		{73813353-BCE1-45B5-9594-DE3B23001FAA}.Release|Any CPU.ActiveCfg = Release|Any CPU
		{73813353-BCE1-45B5-9594-DE3B23001FAA}.Release|Any CPU.Build.0 = Release|Any CPU
	EndGlobalSection
	GlobalSection(SolutionProperties) = preSolution
		HideSolutionNode = FALSE
	EndGlobalSection
	GlobalSection(ExtensibilityGlobals) = postSolution
		SolutionGuid = {6AAB64D9-A5D6-4F5F-9CCF-F9B3CBEFE145}
	EndGlobalSection
EndGlobal
